
Microsoft Visual Studio Solution File, Format Version 12.00
# Visual Studio Version 17
VisualStudioVersion = 17.0.31903.59
MinimumVisualStudioVersion = 10.0.40219.1
Project("{F2A71F9B-5D33-465A-A702-920D77279786}") = "Giraffe.ViewEngine.Svg", "Giraffe.ViewEngine.Svg\Giraffe.ViewEngine.Svg.fsproj", "{431677D7-E3AC-4DA5-B910-3A029A675E2B}"
EndProject
Global
	GlobalSection(SolutionConfigurationPlatforms) = preSolution
		Debug|Any CPU = Debug|Any CPU
		Release|Any CPU = Release|Any CPU
	EndGlobalSection
	GlobalSection(SolutionProperties) = preSolution
		HideSolutionNode = FALSE
	EndGlobalSection
	GlobalSection(ProjectConfigurationPlatforms) = postSolution
		{431677D7-E3AC-4DA5-B910-3A029A675E2B}.Debug|Any CPU.ActiveCfg = Debug|Any CPU
		{431677D7-E3AC-4DA5-B910-3A029A675E2B}.Debug|Any CPU.Build.0 = Debug|Any CPU
		{431677D7-E3AC-4DA5-B910-3A029A675E2B}.Release|Any CPU.ActiveCfg = Release|Any CPU
		{431677D7-E3AC-4DA5-B910-3A029A675E2B}.Release|Any CPU.Build.0 = Release|Any CPU
	EndGlobalSection
EndGlobal
